// !$*UTF8*$!
{
	archiveVersion = 1;
	classes = {
	};
	objectVersion = 46;
	objects = {

/* Begin PBXBuildFile section */
		3C2AB8DF1E700D3500E4F051 /* main.m in Sources */ = {isa = PBXBuildFile; fileRef = 3C2AB8DE1E700D3500E4F051 /* main.m */; };
		3C2AB8E21E700D3500E4F051 /* AppDelegate.m in Sources */ = {isa = PBXBuildFile; fileRef = 3C2AB8E11E700D3500E4F051 /* AppDelegate.m */; };
		3C2AB8E51E700D3500E4F051 /* ViewController.m in Sources */ = {isa = PBXBuildFile; fileRef = 3C2AB8E41E700D3500E4F051 /* ViewController.m */; };
		3C2AB8E81E700D3500E4F051 /* Main.storyboard in Resources */ = {isa = PBXBuildFile; fileRef = 3C2AB8E61E700D3500E4F051 /* Main.storyboard */; };
		3C2AB8EA1E700D3500E4F051 /* Assets.xcassets in Resources */ = {isa = PBXBuildFile; fileRef = 3C2AB8E91E700D3500E4F051 /* Assets.xcassets */; };
		3C2AB8ED1E700D3500E4F051 /* LaunchScreen.storyboard in Resources */ = {isa = PBXBuildFile; fileRef = 3C2AB8EB1E700D3500E4F051 /* LaunchScreen.storyboard */; };
		3C2AB8F81E700D3500E4F051 /* LXScrollHeadlineViewTests.m in Sources */ = {isa = PBXBuildFile; fileRef = 3C2AB8F71E700D3500E4F051 /* LXScrollHeadlineViewTests.m */; };
		3C2AB9031E700D3500E4F051 /* LXScrollHeadlineViewUITests.m in Sources */ = {isa = PBXBuildFile; fileRef = 3C2AB9021E700D3500E4F051 /* LXScrollHeadlineViewUITests.m */; };
		3C2AB9131E700D7400E4F051 /* LXScrollHeadlineView.m in Sources */ = {isa = PBXBuildFile; fileRef = 3C2AB9121E700D7400E4F051 /* LXScrollHeadlineView.m */; };
		3C2AB9161E700DCF00E4F051 /* LXScrollHeadline.m in Sources */ = {isa = PBXBuildFile; fileRef = 3C2AB9151E700DCF00E4F051 /* LXScrollHeadline.m */; };
		3C2AB9291E70105A00E4F051 /* LXHeadlinesController.m in Sources */ = {isa = PBXBuildFile; fileRef = 3C2AB9181E70105A00E4F051 /* LXHeadlinesController.m */; };
		3C2AB92A1E70105A00E4F051 /* Test0Controller.m in Sources */ = {isa = PBXBuildFile; fileRef = 3C2AB91A1E70105A00E4F051 /* Test0Controller.m */; };
		3C2AB92B1E70105A00E4F051 /* Test1Controller.m in Sources */ = {isa = PBXBuildFile; fileRef = 3C2AB91C1E70105A00E4F051 /* Test1Controller.m */; };
		3C2AB92C1E70105A00E4F051 /* Test2Controller.m in Sources */ = {isa = PBXBuildFile; fileRef = 3C2AB91E1E70105A00E4F051 /* Test2Controller.m */; };
		3C2AB92D1E70105A00E4F051 /* Test3Controller.m in Sources */ = {isa = PBXBuildFile; fileRef = 3C2AB9201E70105A00E4F051 /* Test3Controller.m */; };
		3C2AB92E1E70105A00E4F051 /* Test4Controller.m in Sources */ = {isa = PBXBuildFile; fileRef = 3C2AB9221E70105A00E4F051 /* Test4Controller.m */; };
		3C2AB92F1E70105A00E4F051 /* Test5Controller.m in Sources */ = {isa = PBXBuildFile; fileRef = 3C2AB9241E70105A00E4F051 /* Test5Controller.m */; };
		3C2AB9301E70105A00E4F051 /* Test6Controller.m in Sources */ = {isa = PBXBuildFile; fileRef = 3C2AB9261E70105A00E4F051 /* Test6Controller.m */; };
		3C2AB9311E70105A00E4F051 /* Test7Controller.m in Sources */ = {isa = PBXBuildFile; fileRef = 3C2AB9281E70105A00E4F051 /* Test7Controller.m */; };
/* End PBXBuildFile section */

/* Begin PBXContainerItemProxy section */
		3C2AB8F41E700D3500E4F051 /* PBXContainerItemProxy */ = {
			isa = PBXContainerItemProxy;
			containerPortal = 3C2AB8D21E700D3500E4F051 /* Project object */;
			proxyType = 1;
			remoteGlobalIDString = 3C2AB8D91E700D3500E4F051;
			remoteInfo = LXScrollHeadlineView;
		};
		3C2AB8FF1E700D3500E4F051 /* PBXContainerItemProxy */ = {
			isa = PBXContainerItemProxy;
			containerPortal = 3C2AB8D21E700D3500E4F051 /* Project object */;
			proxyType = 1;
			remoteGlobalIDString = 3C2AB8D91E700D3500E4F051;
			remoteInfo = LXScrollHeadlineView;
		};
/* End PBXContainerItemProxy section */

/* Begin PBXFileReference section */
		3C2AB8DA1E700D3500E4F051 /* LXScrollHeadlineView.app */ = {isa = PBXFileReference; explicitFileType = wrapper.application; includeInIndex = 0; path = LXScrollHeadlineView.app; sourceTree = BUILT_PRODUCTS_DIR; };
		3C2AB8DE1E700D3500E4F051 /* main.m */ = {isa = PBXFileReference; lastKnownFileType = sourcecode.c.objc; path = main.m; sourceTree = "<group>"; };
		3C2AB8E01E700D3500E4F051 /* AppDelegate.h */ = {isa = PBXFileReference; lastKnownFileType = sourcecode.c.h; path = AppDelegate.h; sourceTree = "<group>"; };
		3C2AB8E11E700D3500E4F051 /* AppDelegate.m */ = {isa = PBXFileReference; lastKnownFileType = sourcecode.c.objc; path = AppDelegate.m; sourceTree = "<group>"; };
		3C2AB8E31E700D3500E4F051 /* ViewController.h */ = {isa = PBXFileReference; lastKnownFileType = sourcecode.c.h; path = ViewController.h; sourceTree = "<group>"; };
		3C2AB8E41E700D3500E4F051 /* ViewController.m */ = {isa = PBXFileReference; lastKnownFileType = sourcecode.c.objc; path = ViewController.m; sourceTree = "<group>"; };
		3C2AB8E71E700D3500E4F051 /* Base */ = {isa = PBXFileReference; lastKnownFileType = file.storyboard; name = Base; path = Base.lproj/Main.storyboard; sourceTree = "<group>"; };
		3C2AB8E91E700D3500E4F051 /* Assets.xcassets */ = {isa = PBXFileReference; lastKnownFileType = folder.assetcatalog; path = Assets.xcassets; sourceTree = "<group>"; };
		3C2AB8EC1E700D3500E4F051 /* Base */ = {isa = PBXFileReference; lastKnownFileType = file.storyboard; name = Base; path = Base.lproj/LaunchScreen.storyboard; sourceTree = "<group>"; };
		3C2AB8EE1E700D3500E4F051 /* Info.plist */ = {isa = PBXFileReference; lastKnownFileType = text.plist.xml; path = Info.plist; sourceTree = "<group>"; };
		3C2AB8F31E700D3500E4F051 /* LXScrollHeadlineViewTests.xctest */ = {isa = PBXFileReference; explicitFileType = wrapper.cfbundle; includeInIndex = 0; path = LXScrollHeadlineViewTests.xctest; sourceTree = BUILT_PRODUCTS_DIR; };
		3C2AB8F71E700D3500E4F051 /* LXScrollHeadlineViewTests.m */ = {isa = PBXFileReference; lastKnownFileType = sourcecode.c.objc; path = LXScrollHeadlineViewTests.m; sourceTree = "<group>"; };
		3C2AB8F91E700D3500E4F051 /* Info.plist */ = {isa = PBXFileReference; lastKnownFileType = text.plist.xml; path = Info.plist; sourceTree = "<group>"; };
		3C2AB8FE1E700D3500E4F051 /* LXScrollHeadlineViewUITests.xctest */ = {isa = PBXFileReference; explicitFileType = wrapper.cfbundle; includeInIndex = 0; path = LXScrollHeadlineViewUITests.xctest; sourceTree = BUILT_PRODUCTS_DIR; };
		3C2AB9021E700D3500E4F051 /* LXScrollHeadlineViewUITests.m */ = {isa = PBXFileReference; lastKnownFileType = sourcecode.c.objc; path = LXScrollHeadlineViewUITests.m; sourceTree = "<group>"; };
		3C2AB9041E700D3500E4F051 /* Info.plist */ = {isa = PBXFileReference; lastKnownFileType = text.plist.xml; path = Info.plist; sourceTree = "<group>"; };
		3C2AB9111E700D7400E4F051 /* LXScrollHeadlineView.h */ = {isa = PBXFileReference; fileEncoding = 4; lastKnownFileType = sourcecode.c.h; path = LXScrollHeadlineView.h; sourceTree = "<group>"; };
		3C2AB9121E700D7400E4F051 /* LXScrollHeadlineView.m */ = {isa = PBXFileReference; fileEncoding = 4; lastKnownFileType = sourcecode.c.objc; path = LXScrollHeadlineView.m; sourceTree = "<group>"; };
		3C2AB9141E700DCF00E4F051 /* LXScrollHeadline.h */ = {isa = PBXFileReference; fileEncoding = 4; lastKnownFileType = sourcecode.c.h; path = LXScrollHeadline.h; sourceTree = "<group>"; };
		3C2AB9151E700DCF00E4F051 /* LXScrollHeadline.m */ = {isa = PBXFileReference; fileEncoding = 4; lastKnownFileType = sourcecode.c.objc; path = LXScrollHeadline.m; sourceTree = "<group>"; };
		3C2AB9171E70105A00E4F051 /* LXHeadlinesController.h */ = {isa = PBXFileReference; fileEncoding = 4; lastKnownFileType = sourcecode.c.h; path = LXHeadlinesController.h; sourceTree = "<group>"; };
		3C2AB9181E70105A00E4F051 /* LXHeadlinesController.m */ = {isa = PBXFileReference; fileEncoding = 4; lastKnownFileType = sourcecode.c.objc; path = LXHeadlinesController.m; sourceTree = "<group>"; };
		3C2AB9191E70105A00E4F051 /* Test0Controller.h */ = {isa = PBXFileReference; fileEncoding = 4; lastKnownFileType = sourcecode.c.h; path = Test0Controller.h; sourceTree = "<group>"; };
		3C2AB91A1E70105A00E4F051 /* Test0Controller.m */ = {isa = PBXFileReference; fileEncoding = 4; lastKnownFileType = sourcecode.c.objc; path = Test0Controller.m; sourceTree = "<group>"; };
		3C2AB91B1E70105A00E4F051 /* Test1Controller.h */ = {isa = PBXFileReference; fileEncoding = 4; lastKnownFileType = sourcecode.c.h; path = Test1Controller.h; sourceTree = "<group>"; };
		3C2AB91C1E70105A00E4F051 /* Test1Controller.m */ = {isa = PBXFileReference; fileEncoding = 4; lastKnownFileType = sourcecode.c.objc; path = Test1Controller.m; sourceTree = "<group>"; };
		3C2AB91D1E70105A00E4F051 /* Test2Controller.h */ = {isa = PBXFileReference; fileEncoding = 4; lastKnownFileType = sourcecode.c.h; path = Test2Controller.h; sourceTree = "<group>"; };
		3C2AB91E1E70105A00E4F051 /* Test2Controller.m */ = {isa = PBXFileReference; fileEncoding = 4; lastKnownFileType = sourcecode.c.objc; path = Test2Controller.m; sourceTree = "<group>"; };
		3C2AB91F1E70105A00E4F051 /* Test3Controller.h */ = {isa = PBXFileReference; fileEncoding = 4; lastKnownFileType = sourcecode.c.h; path = Test3Controller.h; sourceTree = "<group>"; };
		3C2AB9201E70105A00E4F051 /* Test3Controller.m */ = {isa = PBXFileReference; fileEncoding = 4; lastKnownFileType = sourcecode.c.objc; path = Test3Controller.m; sourceTree = "<group>"; };
		3C2AB9211E70105A00E4F051 /* Test4Controller.h */ = {isa = PBXFileReference; fileEncoding = 4; lastKnownFileType = sourcecode.c.h; path = Test4Controller.h; sourceTree = "<group>"; };
		3C2AB9221E70105A00E4F051 /* Test4Controller.m */ = {isa = PBXFileReference; fileEncoding = 4; lastKnownFileType = sourcecode.c.objc; path = Test4Controller.m; sourceTree = "<group>"; };
		3C2AB9231E70105A00E4F051 /* Test5Controller.h */ = {isa = PBXFileReference; fileEncoding = 4; lastKnownFileType = sourcecode.c.h; path = Test5Controller.h; sourceTree = "<group>"; };
		3C2AB9241E70105A00E4F051 /* Test5Controller.m */ = {isa = PBXFileReference; fileEncoding = 4; lastKnownFileType = sourcecode.c.objc; path = Test5Controller.m; sourceTree = "<group>"; };
		3C2AB9251E70105A00E4F051 /* Test6Controller.h */ = {isa = PBXFileReference; fileEncoding = 4; lastKnownFileType = sourcecode.c.h; path = Test6Controller.h; sourceTree = "<group>"; };
		3C2AB9261E70105A00E4F051 /* Test6Controller.m */ = {isa = PBXFileReference; fileEncoding = 4; lastKnownFileType = sourcecode.c.objc; path = Test6Controller.m; sourceTree = "<group>"; };
		3C2AB9271E70105A00E4F051 /* Test7Controller.h */ = {isa = PBXFileReference; fileEncoding = 4; lastKnownFileType = sourcecode.c.h; path = Test7Controller.h; sourceTree = "<group>"; };
		3C2AB9281E70105A00E4F051 /* Test7Controller.m */ = {isa = PBXFileReference; fileEncoding = 4; lastKnownFileType = sourcecode.c.objc; path = Test7Controller.m; sourceTree = "<group>"; };
/* End PBXFileReference section */

/* Begin PBXFrameworksBuildPhase section */
		3C2AB8D71E700D3500E4F051 /* Frameworks */ = {
			isa = PBXFrameworksBuildPhase;
			buildActionMask = 2147483647;
			files = (
			);
			runOnlyForDeploymentPostprocessing = 0;
		};
		3C2AB8F01E700D3500E4F051 /* Frameworks */ = {
			isa = PBXFrameworksBuildPhase;
			buildActionMask = 2147483647;
			files = (
			);
			runOnlyForDeploymentPostprocessing = 0;
		};
		3C2AB8FB1E700D3500E4F051 /* Frameworks */ = {
			isa = PBXFrameworksBuildPhase;
			buildActionMask = 2147483647;
			files = (
			);
			runOnlyForDeploymentPostprocessing = 0;
		};
/* End PBXFrameworksBuildPhase section */

/* Begin PBXGroup section */
		3C2AB8D11E700D3500E4F051 = {
			isa = PBXGroup;
			children = (
				3C2AB8DC1E700D3500E4F051 /* LXScrollHeadlineView */,
				3C2AB8F61E700D3500E4F051 /* LXScrollHeadlineViewTests */,
				3C2AB9011E700D3500E4F051 /* LXScrollHeadlineViewUITests */,
				3C2AB8DB1E700D3500E4F051 /* Products */,
			);
			sourceTree = "<group>";
		};
		3C2AB8DB1E700D3500E4F051 /* Products */ = {
			isa = PBXGroup;
			children = (
				3C2AB8DA1E700D3500E4F051 /* LXScrollHeadlineView.app */,
				3C2AB8F31E700D3500E4F051 /* LXScrollHeadlineViewTests.xctest */,
				3C2AB8FE1E700D3500E4F051 /* LXScrollHeadlineViewUITests.xctest */,
			);
			name = Products;
			sourceTree = "<group>";
		};
		3C2AB8DC1E700D3500E4F051 /* LXScrollHeadlineView */ = {
			isa = PBXGroup;
			children = (
				3C2AB9101E700D6300E4F051 /* LXScrollHeadlineView */,
				3C2AB8E01E700D3500E4F051 /* AppDelegate.h */,
				3C2AB8E11E700D3500E4F051 /* AppDelegate.m */,
				3C2AB8E31E700D3500E4F051 /* ViewController.h */,
				3C2AB8E41E700D3500E4F051 /* ViewController.m */,
				3C2AB9171E70105A00E4F051 /* LXHeadlinesController.h */,
				3C2AB9181E70105A00E4F051 /* LXHeadlinesController.m */,
				3C2AB9191E70105A00E4F051 /* Test0Controller.h */,
				3C2AB91A1E70105A00E4F051 /* Test0Controller.m */,
				3C2AB91B1E70105A00E4F051 /* Test1Controller.h */,
				3C2AB91C1E70105A00E4F051 /* Test1Controller.m */,
				3C2AB91D1E70105A00E4F051 /* Test2Controller.h */,
				3C2AB91E1E70105A00E4F051 /* Test2Controller.m */,
				3C2AB91F1E70105A00E4F051 /* Test3Controller.h */,
				3C2AB9201E70105A00E4F051 /* Test3Controller.m */,
				3C2AB9211E70105A00E4F051 /* Test4Controller.h */,
				3C2AB9221E70105A00E4F051 /* Test4Controller.m */,
				3C2AB9231E70105A00E4F051 /* Test5Controller.h */,
				3C2AB9241E70105A00E4F051 /* Test5Controller.m */,
				3C2AB9251E70105A00E4F051 /* Test6Controller.h */,
				3C2AB9261E70105A00E4F051 /* Test6Controller.m */,
				3C2AB9271E70105A00E4F051 /* Test7Controller.h */,
				3C2AB9281E70105A00E4F051 /* Test7Controller.m */,
				3C2AB8E61E700D3500E4F051 /* Main.storyboard */,
				3C2AB8E91E700D3500E4F051 /* Assets.xcassets */,
				3C2AB8EB1E700D3500E4F051 /* LaunchScreen.storyboard */,
				3C2AB8EE1E700D3500E4F051 /* Info.plist */,
				3C2AB8DD1E700D3500E4F051 /* Supporting Files */,
			);
			path = LXScrollHeadlineView;
			sourceTree = "<group>";
		};
		3C2AB8DD1E700D3500E4F051 /* Supporting Files */ = {
			isa = PBXGroup;
			children = (
				3C2AB8DE1E700D3500E4F051 /* main.m */,
			);
			name = "Supporting Files";
			sourceTree = "<group>";
		};
		3C2AB8F61E700D3500E4F051 /* LXScrollHeadlineViewTests */ = {
			isa = PBXGroup;
			children = (
				3C2AB8F71E700D3500E4F051 /* LXScrollHeadlineViewTests.m */,
				3C2AB8F91E700D3500E4F051 /* Info.plist */,
			);
			path = LXScrollHeadlineViewTests;
			sourceTree = "<group>";
		};
		3C2AB9011E700D3500E4F051 /* LXScrollHeadlineViewUITests */ = {
			isa = PBXGroup;
			children = (
				3C2AB9021E700D3500E4F051 /* LXScrollHeadlineViewUITests.m */,
				3C2AB9041E700D3500E4F051 /* Info.plist */,
			);
			path = LXScrollHeadlineViewUITests;
			sourceTree = "<group>";
		};
		3C2AB9101E700D6300E4F051 /* LXScrollHeadlineView */ = {
			isa = PBXGroup;
			children = (
				3C2AB9141E700DCF00E4F051 /* LXScrollHeadline.h */,
				3C2AB9151E700DCF00E4F051 /* LXScrollHeadline.m */,
				3C2AB9111E700D7400E4F051 /* LXScrollHeadlineView.h */,
				3C2AB9121E700D7400E4F051 /* LXScrollHeadlineView.m */,
			);
			path = LXScrollHeadlineView;
			sourceTree = "<group>";
		};
/* End PBXGroup section */

/* Begin PBXNativeTarget section */
		3C2AB8D91E700D3500E4F051 /* LXScrollHeadlineView */ = {
			isa = PBXNativeTarget;
			buildConfigurationList = 3C2AB9071E700D3500E4F051 /* Build configuration list for PBXNativeTarget "LXScrollHeadlineView" */;
			buildPhases = (
				3C2AB8D61E700D3500E4F051 /* Sources */,
				3C2AB8D71E700D3500E4F051 /* Frameworks */,
				3C2AB8D81E700D3500E4F051 /* Resources */,
			);
			buildRules = (
			);
			dependencies = (
			);
			name = LXScrollHeadlineView;
			productName = LXScrollHeadlineView;
			productReference = 3C2AB8DA1E700D3500E4F051 /* LXScrollHeadlineView.app */;
			productType = "com.apple.product-type.application";
		};
		3C2AB8F21E700D3500E4F051 /* LXScrollHeadlineViewTests */ = {
			isa = PBXNativeTarget;
			buildConfigurationList = 3C2AB90A1E700D3500E4F051 /* Build configuration list for PBXNativeTarget "LXScrollHeadlineViewTests" */;
			buildPhases = (
				3C2AB8EF1E700D3500E4F051 /* Sources */,
				3C2AB8F01E700D3500E4F051 /* Frameworks */,
				3C2AB8F11E700D3500E4F051 /* Resources */,
			);
			buildRules = (
			);
			dependencies = (
				3C2AB8F51E700D3500E4F051 /* PBXTargetDependency */,
			);
			name = LXScrollHeadlineViewTests;
			productName = LXScrollHeadlineViewTests;
			productReference = 3C2AB8F31E700D3500E4F051 /* LXScrollHeadlineViewTests.xctest */;
			productType = "com.apple.product-type.bundle.unit-test";
		};
		3C2AB8FD1E700D3500E4F051 /* LXScrollHeadlineViewUITests */ = {
			isa = PBXNativeTarget;
			buildConfigurationList = 3C2AB90D1E700D3500E4F051 /* Build configuration list for PBXNativeTarget "LXScrollHeadlineViewUITests" */;
			buildPhases = (
				3C2AB8FA1E700D3500E4F051 /* Sources */,
				3C2AB8FB1E700D3500E4F051 /* Frameworks */,
				3C2AB8FC1E700D3500E4F051 /* Resources */,
			);
			buildRules = (
			);
			dependencies = (
				3C2AB9001E700D3500E4F051 /* PBXTargetDependency */,
			);
			name = LXScrollHeadlineViewUITests;
			productName = LXScrollHeadlineViewUITests;
			productReference = 3C2AB8FE1E700D3500E4F051 /* LXScrollHeadlineViewUITests.xctest */;
			productType = "com.apple.product-type.bundle.ui-testing";
		};
/* End PBXNativeTarget section */

/* Begin PBXProject section */
		3C2AB8D21E700D3500E4F051 /* Project object */ = {
			isa = PBXProject;
			attributes = {
				LastUpgradeCheck = 0810;
				ORGANIZATIONNAME = starxin;
				TargetAttributes = {
					3C2AB8D91E700D3500E4F051 = {
						CreatedOnToolsVersion = 8.1;
						ProvisioningStyle = Automatic;
					};
					3C2AB8F21E700D3500E4F051 = {
						CreatedOnToolsVersion = 8.1;
						ProvisioningStyle = Automatic;
						TestTargetID = 3C2AB8D91E700D3500E4F051;
					};
					3C2AB8FD1E700D3500E4F051 = {
						CreatedOnToolsVersion = 8.1;
						ProvisioningStyle = Automatic;
						TestTargetID = 3C2AB8D91E700D3500E4F051;
					};
				};
			};
			buildConfigurationList = 3C2AB8D51E700D3500E4F051 /* Build configuration list for PBXProject "LXScrollHeadlineView" */;
			compatibilityVersion = "Xcode 3.2";
			developmentRegion = English;
			hasScannedForEncodings = 0;
			knownRegions = (
				en,
				Base,
			);
			mainGroup = 3C2AB8D11E700D3500E4F051;
			productRefGroup = 3C2AB8DB1E700D3500E4F051 /* Products */;
			projectDirPath = "";
			projectRoot = "";
			targets = (
				3C2AB8D91E700D3500E4F051 /* LXScrollHeadlineView */,
				3C2AB8F21E700D3500E4F051 /* LXScrollHeadlineViewTests */,
				3C2AB8FD1E700D3500E4F051 /* LXScrollHeadlineViewUITests */,
			);
		};
/* End PBXProject section */

/* Begin PBXResourcesBuildPhase section */
		3C2AB8D81E700D3500E4F051 /* Resources */ = {
			isa = PBXResourcesBuildPhase;
			buildActionMask = 2147483647;
			files = (
				3C2AB8ED1E700D3500E4F051 /* LaunchScreen.storyboard in Resources */,
				3C2AB8EA1E700D3500E4F051 /* Assets.xcassets in Resources */,
				3C2AB8E81E700D3500E4F051 /* Main.storyboard in Resources */,
			);
			runOnlyForDeploymentPostprocessing = 0;
		};
		3C2AB8F11E700D3500E4F051 /* Resources */ = {
			isa = PBXResourcesBuildPhase;
			buildActionMask = 2147483647;
			files = (
			);
			runOnlyForDeploymentPostprocessing = 0;
		};
		3C2AB8FC1E700D3500E4F051 /* Resources */ = {
			isa = PBXResourcesBuildPhase;
			buildActionMask = 2147483647;
			files = (
			);
			runOnlyForDeploymentPostprocessing = 0;
		};
/* End PBXResourcesBuildPhase section */

/* Begin PBXSourcesBuildPhase section */
		3C2AB8D61E700D3500E4F051 /* Sources */ = {
			isa = PBXSourcesBuildPhase;
			buildActionMask = 2147483647;
			files = (
				3C2AB9161E700DCF00E4F051 /* LXScrollHeadline.m in Sources */,
				3C2AB92C1E70105A00E4F051 /* Test2Controller.m in Sources */,
				3C2AB92B1E70105A00E4F051 /* Test1Controller.m in Sources */,
				3C2AB8E51E700D3500E4F051 /* ViewController.m in Sources */,
				3C2AB92E1E70105A00E4F051 /* Test4Controller.m in Sources */,
				3C2AB92F1E70105A00E4F051 /* Test5Controller.m in Sources */,
				3C2AB9301E70105A00E4F051 /* Test6Controller.m in Sources */,
				3C2AB92A1E70105A00E4F051 /* Test0Controller.m in Sources */,
				3C2AB9131E700D7400E4F051 /* LXScrollHeadlineView.m in Sources */,
				3C2AB8E21E700D3500E4F051 /* AppDelegate.m in Sources */,
				3C2AB8DF1E700D3500E4F051 /* main.m in Sources */,
				3C2AB9291E70105A00E4F051 /* LXHeadlinesController.m in Sources */,
				3C2AB92D1E70105A00E4F051 /* Test3Controller.m in Sources */,
				3C2AB9311E70105A00E4F051 /* Test7Controller.m in Sources */,
			);
			runOnlyForDeploymentPostprocessing = 0;
		};
		3C2AB8EF1E700D3500E4F051 /* Sources */ = {
			isa = PBXSourcesBuildPhase;
			buildActionMask = 2147483647;
			files = (
				3C2AB8F81E700D3500E4F051 /* LXScrollHeadlineViewTests.m in Sources */,
			);
			runOnlyForDeploymentPostprocessing = 0;
		};
		3C2AB8FA1E700D3500E4F051 /* Sources */ = {
			isa = PBXSourcesBuildPhase;
			buildActionMask = 2147483647;
			files = (
				3C2AB9031E700D3500E4F051 /* LXScrollHeadlineViewUITests.m in Sources */,
			);
			runOnlyForDeploymentPostprocessing = 0;
		};
/* End PBXSourcesBuildPhase section */

/* Begin PBXTargetDependency section */
		3C2AB8F51E700D3500E4F051 /* PBXTargetDependency */ = {
			isa = PBXTargetDependency;
			target = 3C2AB8D91E700D3500E4F051 /* LXScrollHeadlineView */;
			targetProxy = 3C2AB8F41E700D3500E4F051 /* PBXContainerItemProxy */;
		};
		3C2AB9001E700D3500E4F051 /* PBXTargetDependency */ = {
			isa = PBXTargetDependency;
			target = 3C2AB8D91E700D3500E4F051 /* LXScrollHeadlineView */;
			targetProxy = 3C2AB8FF1E700D3500E4F051 /* PBXContainerItemProxy */;
		};
/* End PBXTargetDependency section */

/* Begin PBXVariantGroup section */
		3C2AB8E61E700D3500E4F051 /* Main.storyboard */ = {
			isa = PBXVariantGroup;
			children = (
				3C2AB8E71E700D3500E4F051 /* Base */,
			);
			name = Main.storyboard;
			sourceTree = "<group>";
		};
		3C2AB8EB1E700D3500E4F051 /* LaunchScreen.storyboard */ = {
			isa = PBXVariantGroup;
			children = (
				3C2AB8EC1E700D3500E4F051 /* Base */,
			);
			name = LaunchScreen.storyboard;
			sourceTree = "<group>";
		};
/* End PBXVariantGroup section */

/* Begin XCBuildConfiguration section */
		3C2AB9051E700D3500E4F051 /* Debug */ = {
			isa = XCBuildConfiguration;
			buildSettings = {
				ALWAYS_SEARCH_USER_PATHS = NO;
				CLANG_ANALYZER_NONNULL = YES;
				CLANG_CXX_LANGUAGE_STANDARD = "gnu++0x";
				CLANG_CXX_LIBRARY = "libc++";
				CLANG_ENABLE_MODULES = YES;
				CLANG_ENABLE_OBJC_ARC = YES;
				CLANG_WARN_BOOL_CONVERSION = YES;
				CLANG_WARN_CONSTANT_CONVERSION = YES;
				CLANG_WARN_DIRECT_OBJC_ISA_USAGE = YES_ERROR;
				CLANG_WARN_DOCUMENTATION_COMMENTS = YES;
				CLANG_WARN_EMPTY_BODY = YES;
				CLANG_WARN_ENUM_CONVERSION = YES;
				CLANG_WARN_INFINITE_RECURSION = YES;
				CLANG_WARN_INT_CONVERSION = YES;
				CLANG_WARN_OBJC_ROOT_CLASS = YES_ERROR;
				CLANG_WARN_SUSPICIOUS_MOVES = YES;
				CLANG_WARN_UNREACHABLE_CODE = YES;
				CLANG_WARN__DUPLICATE_METHOD_MATCH = YES;
				"CODE_SIGN_IDENTITY[sdk=iphoneos*]" = "iPhone Developer";
				COPY_PHASE_STRIP = NO;
				DEBUG_INFORMATION_FORMAT = dwarf;
				ENABLE_STRICT_OBJC_MSGSEND = YES;
				ENABLE_TESTABILITY = YES;
				GCC_C_LANGUAGE_STANDARD = gnu99;
				GCC_DYNAMIC_NO_PIC = NO;
				GCC_NO_COMMON_BLOCKS = YES;
				GCC_OPTIMIZATION_LEVEL = 0;
				GCC_PREPROCESSOR_DEFINITIONS = (
					"DEBUG=1",
					"$(inherited)",
				);
				GCC_WARN_64_TO_32_BIT_CONVERSION = YES;
				GCC_WARN_ABOUT_RETURN_TYPE = YES_ERROR;
				GCC_WARN_UNDECLARED_SELECTOR = YES;
				GCC_WARN_UNINITIALIZED_AUTOS = YES_AGGRESSIVE;
				GCC_WARN_UNUSED_FUNCTION = YES;
				GCC_WARN_UNUSED_VARIABLE = YES;
				IPHONEOS_DEPLOYMENT_TARGET = 10.1;
				MTL_ENABLE_DEBUG_INFO = YES;
				ONLY_ACTIVE_ARCH = YES;
				SDKROOT = iphoneos;
			};
			name = Debug;
		};
		3C2AB9061E700D3500E4F051 /* Release */ = {
			isa = XCBuildConfiguration;
			buildSettings = {
				ALWAYS_SEARCH_USER_PATHS = NO;
				CLANG_ANALYZER_NONNULL = YES;
				CLANG_CXX_LANGUAGE_STANDARD = "gnu++0x";
				CLANG_CXX_LIBRARY = "libc++";
				CLANG_ENABLE_MODULES = YES;
				CLANG_ENABLE_OBJC_ARC = YES;
				CLANG_WARN_BOOL_CONVERSION = YES;
				CLANG_WARN_CONSTANT_CONVERSION = YES;
				CLANG_WARN_DIRECT_OBJC_ISA_USAGE = YES_ERROR;
				CLANG_WARN_DOCUMENTATION_COMMENTS = YES;
				CLANG_WARN_EMPTY_BODY = YES;
				CLANG_WARN_ENUM_CONVERSION = YES;
				CLANG_WARN_INFINITE_RECURSION = YES;
				CLANG_WARN_INT_CONVERSION = YES;
				CLANG_WARN_OBJC_ROOT_CLASS = YES_ERROR;
				CLANG_WARN_SUSPICIOUS_MOVES = YES;
				CLANG_WARN_UNREACHABLE_CODE = YES;
				CLANG_WARN__DUPLICATE_METHOD_MATCH = YES;
				"CODE_SIGN_IDENTITY[sdk=iphoneos*]" = "iPhone Developer";
				COPY_PHASE_STRIP = NO;
				DEBUG_INFORMATION_FORMAT = "dwarf-with-dsym";
				ENABLE_NS_ASSERTIONS = NO;
				ENABLE_STRICT_OBJC_MSGSEND = YES;
				GCC_C_LANGUAGE_STANDARD = gnu99;
				GCC_NO_COMMON_BLOCKS = YES;
				GCC_WARN_64_TO_32_BIT_CONVERSION = YES;
				GCC_WARN_ABOUT_RETURN_TYPE = YES_ERROR;
				GCC_WARN_UNDECLARED_SELECTOR = YES;
				GCC_WARN_UNINITIALIZED_AUTOS = YES_AGGRESSIVE;
				GCC_WARN_UNUSED_FUNCTION = YES;
				GCC_WARN_UNUSED_VARIABLE = YES;
				IPHONEOS_DEPLOYMENT_TARGET = 10.1;
				MTL_ENABLE_DEBUG_INFO = NO;
				SDKROOT = iphoneos;
				VALIDATE_PRODUCT = YES;
			};
			name = Release;
		};
		3C2AB9081E700D3500E4F051 /* Debug */ = {
			isa = XCBuildConfiguration;
			buildSettings = {
				ASSETCATALOG_COMPILER_APPICON_NAME = AppIcon;
				INFOPLIST_FILE = LXScrollHeadlineView/Info.plist;
				LD_RUNPATH_SEARCH_PATHS = "$(inherited) @executable_path/Frameworks";
				PRODUCT_BUNDLE_IDENTIFIER = com.starxing2005.LXScrollHeadlineView;
				PRODUCT_NAME = "$(TARGET_NAME)";
			};
			name = Debug;
		};
		3C2AB9091E700D3500E4F051 /* Release */ = {
			isa = XCBuildConfiguration;
			buildSettings = {
				ASSETCATALOG_COMPILER_APPICON_NAME = AppIcon;
				INFOPLIST_FILE = LXScrollHeadlineView/Info.plist;
				LD_RUNPATH_SEARCH_PATHS = "$(inherited) @executable_path/Frameworks";
				PRODUCT_BUNDLE_IDENTIFIER = com.starxing2005.LXScrollHeadlineView;
				PRODUCT_NAME = "$(TARGET_NAME)";
			};
			name = Release;
		};
		3C2AB90B1E700D3500E4F051 /* Debug */ = {
			isa = XCBuildConfiguration;
			buildSettings = {
				BUNDLE_LOADER = "$(TEST_HOST)";
				INFOPLIST_FILE = LXScrollHeadlineViewTests/Info.plist;
				LD_RUNPATH_SEARCH_PATHS = "$(inherited) @executable_path/Frameworks @loader_path/Frameworks";
				PRODUCT_BUNDLE_IDENTIFIER = com.starxing2005.LXScrollHeadlineViewTests;
				PRODUCT_NAME = "$(TARGET_NAME)";
				TEST_HOST = "$(BUILT_PRODUCTS_DIR)/LXScrollHeadlineView.app/LXScrollHeadlineView";
			};
			name = Debug;
		};
		3C2AB90C1E700D3500E4F051 /* Release */ = {
			isa = XCBuildConfiguration;
			buildSettings = {
				BUNDLE_LOADER = "$(TEST_HOST)";
				INFOPLIST_FILE = LXScrollHeadlineViewTests/Info.plist;
				LD_RUNPATH_SEARCH_PATHS = "$(inherited) @executable_path/Frameworks @loader_path/Frameworks";
				PRODUCT_BUNDLE_IDENTIFIER = com.starxing2005.LXScrollHeadlineViewTests;
				PRODUCT_NAME = "$(TARGET_NAME)";
				TEST_HOST = "$(BUILT_PRODUCTS_DIR)/LXScrollHeadlineView.app/LXScrollHeadlineView";
			};
			name = Release;
		};
		3C2AB90E1E700D3500E4F051 /* Debug */ = {
			isa = XCBuildConfiguration;
			buildSettings = {
				INFOPLIST_FILE = LXScrollHeadlineViewUITests/Info.plist;
				LD_RUNPATH_SEARCH_PATHS = "$(inherited) @executable_path/Frameworks @loader_path/Frameworks";
				PRODUCT_BUNDLE_IDENTIFIER = com.starxing2005.LXScrollHeadlineViewUITests;
				PRODUCT_NAME = "$(TARGET_NAME)";
				TEST_TARGET_NAME = LXScrollHeadlineView;
			};
			name = Debug;
		};
		3C2AB90F1E700D3500E4F051 /* Release */ = {
			isa = XCBuildConfiguration;
			buildSettings = {
				INFOPLIST_FILE = LXScrollHeadlineViewUITests/Info.plist;
				LD_RUNPATH_SEARCH_PATHS = "$(inherited) @executable_path/Frameworks @loader_path/Frameworks";
				PRODUCT_BUNDLE_IDENTIFIER = com.starxing2005.LXScrollHeadlineViewUITests;
				PRODUCT_NAME = "$(TARGET_NAME)";
				TEST_TARGET_NAME = LXScrollHeadlineView;
			};
			name = Release;
		};
/* End XCBuildConfiguration section */

/* Begin XCConfigurationList section */
		3C2AB8D51E700D3500E4F051 /* Build configuration list for PBXProject "LXScrollHeadlineView" */ = {
			isa = XCConfigurationList;
			buildConfigurations = (
				3C2AB9051E700D3500E4F051 /* Debug */,
				3C2AB9061E700D3500E4F051 /* Release */,
			);
			defaultConfigurationIsVisible = 0;
			defaultConfigurationName = Release;
		};
		3C2AB9071E700D3500E4F051 /* Build configuration list for PBXNativeTarget "LXScrollHeadlineView" */ = {
			isa = XCConfigurationList;
			buildConfigurations = (
				3C2AB9081E700D3500E4F051 /* Debug */,
				3C2AB9091E700D3500E4F051 /* Release */,
			);
			defaultConfigurationIsVisible = 0;
		};
		3C2AB90A1E700D3500E4F051 /* Build configuration list for PBXNativeTarget "LXScrollHeadlineViewTests" */ = {
			isa = XCConfigurationList;
			buildConfigurations = (
				3C2AB90B1E700D3500E4F051 /* Debug */,
				3C2AB90C1E700D3500E4F051 /* Release */,
			);
			defaultConfigurationIsVisible = 0;
		};
		3C2AB90D1E700D3500E4F051 /* Build configuration list for PBXNativeTarget "LXScrollHeadlineViewUITests" */ = {
			isa = XCConfigurationList;
			buildConfigurations = (
				3C2AB90E1E700D3500E4F051 /* Debug */,
				3C2AB90F1E700D3500E4F051 /* Release */,
			);
			defaultConfigurationIsVisible = 0;
		};
/* End XCConfigurationList section */
	};
	rootObject = 3C2AB8D21E700D3500E4F051 /* Project object */;
}
